# This file is automatically @generated by Cargo.
# It is not intended for manual editing.
version = 4

[[package]]
name = "core_sec_emb"
version = "0.1.0"
dependencies = [
 "core_sec_field",
 "core_sec_ntt",
]

[[package]]
name = "core_sec_field"
version = "0.1.0"

[[package]]
name = "core_sec_ntt"
version = "0.1.0"
dependencies = [
 "core_sec_field",
]
